
Microsoft Visual Studio Solution File, Format Version 12.00
# Visual Studio Version 17
VisualStudioVersion = 17.1.31911.260
MinimumVisualStudioVersion = 10.0.40219.1
Project("{9A19103F-16F7-4668-BE54-9A1E7A4F7556}") = "DisCatSharp.Mailcow", "DisCatSharp.Mailcow\DisCatSharp.Mailcow.csproj", "{EE187209-5D5D-4FA0-821F-D4474003EA6B}"
EndProject
Project("{2150E333-8FDC-42A3-9474-1A3956D46DE8}") = "Solution", "Solution", "{45D3D338-6122-4037-AD90-03D8D9CA2B4D}"
	ProjectSection(SolutionItems) = preProject
		.editorconfig = .editorconfig
		.gitattributes = .gitattributes
		DisCatSharp.targets = DisCatSharp.targets
		NuGet.targets = NuGet.targets
		Package.targets = Package.targets
		Version.targets = Version.targets
	EndProjectSection
EndProject
Global
	GlobalSection(SolutionConfigurationPlatforms) = preSolution
		Debug|Any CPU = Debug|Any CPU
		Release|Any CPU = Release|Any CPU
	EndGlobalSection
	GlobalSection(ProjectConfigurationPlatforms) = postSolution
		{EE187209-5D5D-4FA0-821F-D4474003EA6B}.Debug|Any CPU.ActiveCfg = Debug|Any CPU
		{EE187209-5D5D-4FA0-821F-D4474003EA6B}.Debug|Any CPU.Build.0 = Debug|Any CPU
		{EE187209-5D5D-4FA0-821F-D4474003EA6B}.Release|Any CPU.ActiveCfg = Release|Any CPU
		{EE187209-5D5D-4FA0-821F-D4474003EA6B}.Release|Any CPU.Build.0 = Release|Any CPU
	EndGlobalSection
	GlobalSection(SolutionProperties) = preSolution
		HideSolutionNode = FALSE
	EndGlobalSection
	GlobalSection(ExtensibilityGlobals) = postSolution
		SolutionGuid = {51CEC82D-71C2-4ED8-9B3E-866D6DADC206}
	EndGlobalSection
EndGlobal
